
Microsoft Visual Studio Solution File, Format Version 12.00
Project("{2150E333-8FDC-42A3-9474-1A3956D46DE8}") = "BRSS66.Web", "BRSS66.Web", "{37A9BE76-54B7-4848-8C73-60A54653F9FA}"
EndProject
Project("{2150E333-8FDC-42A3-9474-1A3956D46DE8}") = "BRSS66.Database", "BRSS66.Database", "{1FFEE781-6628-4C49-9EC4-2681CC47C6CE}"
EndProject
Project("{2150E333-8FDC-42A3-9474-1A3956D46DE8}") = "BRSS66.ApplicationCore", "BRSS66.ApplicationCore", "{78E59F76-418D-4A2C-A66A-68A2FF99C1A9}"
EndProject
Project("{2150E333-8FDC-42A3-9474-1A3956D46DE8}") = "BRSS66.Infrastructure", "BRSS66.Infrastructure", "{57F271AE-3A62-48DF-88C3-5E33BE515240}"
EndProject
Project("{FAE04EC0-301F-11D3-BF4B-00C04F79EFBC}") = "BRSS66.ApplicationCore", "BRSS66.ApplicationCore\BRSS66.ApplicationCore.csproj", "{9A38FFFD-E15C-481D-8220-3949A94805F8}"
EndProject
Project("{FAE04EC0-301F-11D3-BF4B-00C04F79EFBC}") = "BRSS66.Database", "BRSS66.Database\BRSS66.Database.csproj", "{4AAA17F1-9F88-4972-A757-67D3C4501440}"
EndProject
Project("{FAE04EC0-301F-11D3-BF4B-00C04F79EFBC}") = "BRSS66.Infrastructure", "BRSS66.Infrastructure\BRSS66.Infrastructure.csproj", "{DA3F45E3-2753-4E02-94E5-E55508DE2589}"
EndProject
Project("{FAE04EC0-301F-11D3-BF4B-00C04F79EFBC}") = "BRSS66.Web.MVC", "BRSS66.Web.MVC\BRSS66.Web.MVC.csproj", "{EE9A5593-1633-4B93-B3DD-7CF8808A194A}"
EndProject
Global
	GlobalSection(SolutionConfigurationPlatforms) = preSolution
		Debug|Any CPU = Debug|Any CPU
		Release|Any CPU = Release|Any CPU
	EndGlobalSection
	GlobalSection(NestedProjects) = preSolution
		{9A38FFFD-E15C-481D-8220-3949A94805F8} = {78E59F76-418D-4A2C-A66A-68A2FF99C1A9}
		{4AAA17F1-9F88-4972-A757-67D3C4501440} = {1FFEE781-6628-4C49-9EC4-2681CC47C6CE}
		{DA3F45E3-2753-4E02-94E5-E55508DE2589} = {57F271AE-3A62-48DF-88C3-5E33BE515240}
		{EE9A5593-1633-4B93-B3DD-7CF8808A194A} = {37A9BE76-54B7-4848-8C73-60A54653F9FA}
	EndGlobalSection
	GlobalSection(ProjectConfigurationPlatforms) = postSolution
		{9A38FFFD-E15C-481D-8220-3949A94805F8}.Debug|Any CPU.ActiveCfg = Debug|Any CPU
		{9A38FFFD-E15C-481D-8220-3949A94805F8}.Debug|Any CPU.Build.0 = Debug|Any CPU
		{9A38FFFD-E15C-481D-8220-3949A94805F8}.Release|Any CPU.ActiveCfg = Release|Any CPU
		{9A38FFFD-E15C-481D-8220-3949A94805F8}.Release|Any CPU.Build.0 = Release|Any CPU
		{4AAA17F1-9F88-4972-A757-67D3C4501440}.Debug|Any CPU.ActiveCfg = Debug|Any CPU
		{4AAA17F1-9F88-4972-A757-67D3C4501440}.Debug|Any CPU.Build.0 = Debug|Any CPU
		{4AAA17F1-9F88-4972-A757-67D3C4501440}.Release|Any CPU.ActiveCfg = Release|Any CPU
		{4AAA17F1-9F88-4972-A757-67D3C4501440}.Release|Any CPU.Build.0 = Release|Any CPU
		{DA3F45E3-2753-4E02-94E5-E55508DE2589}.Debug|Any CPU.ActiveCfg = Debug|Any CPU
		{DA3F45E3-2753-4E02-94E5-E55508DE2589}.Debug|Any CPU.Build.0 = Debug|Any CPU
		{DA3F45E3-2753-4E02-94E5-E55508DE2589}.Release|Any CPU.ActiveCfg = Release|Any CPU
		{DA3F45E3-2753-4E02-94E5-E55508DE2589}.Release|Any CPU.Build.0 = Release|Any CPU
		{EE9A5593-1633-4B93-B3DD-7CF8808A194A}.Debug|Any CPU.ActiveCfg = Debug|Any CPU
		{EE9A5593-1633-4B93-B3DD-7CF8808A194A}.Debug|Any CPU.Build.0 = Debug|Any CPU
		{EE9A5593-1633-4B93-B3DD-7CF8808A194A}.Release|Any CPU.ActiveCfg = Release|Any CPU
		{EE9A5593-1633-4B93-B3DD-7CF8808A194A}.Release|Any CPU.Build.0 = Release|Any CPU
	EndGlobalSection
EndGlobal
